// !$*UTF8*$!
{
	archiveVersion = 1;
	classes = {
	};
	objectVersion = 46;
	objects = {

/* Begin PBXBuildFile section */
		5500C0141CBB1AC300A49A47 /* AppDelegate.swift in Sources */ = {isa = PBXBuildFile; fileRef = 5500C0131CBB1AC300A49A47 /* AppDelegate.swift */; };
		5500C0161CBB1AC300A49A47 /* PlayerStatsViewController.swift in Sources */ = {isa = PBXBuildFile; fileRef = 5500C0151CBB1AC300A49A47 /* PlayerStatsViewController.swift */; };
		5500C0191CBB1AC300A49A47 /* Main.storyboard in Resources */ = {isa = PBXBuildFile; fileRef = 5500C0171CBB1AC300A49A47 /* Main.storyboard */; };
		5500C01B1CBB1AC300A49A47 /* Assets.xcassets in Resources */ = {isa = PBXBuildFile; fileRef = 5500C01A1CBB1AC300A49A47 /* Assets.xcassets */; };
		5500C01E1CBB1AC300A49A47 /* LaunchScreen.storyboard in Resources */ = {isa = PBXBuildFile; fileRef = 5500C01C1CBB1AC300A49A47 /* LaunchScreen.storyboard */; };
		5500C0291CBB1AC300A49A47 /* MyTeamTests.swift in Sources */ = {isa = PBXBuildFile; fileRef = 5500C0281CBB1AC300A49A47 /* MyTeamTests.swift */; };
		5500C0341CBB1AC400A49A47 /* MyTeamUITests.swift in Sources */ = {isa = PBXBuildFile; fileRef = 5500C0331CBB1AC400A49A47 /* MyTeamUITests.swift */; };
		5597C46D1CD03C5A00C5B61B /* PlayerNameCell.swift in Sources */ = {isa = PBXBuildFile; fileRef = 5597C46C1CD03C5A00C5B61B /* PlayerNameCell.swift */; };
		55DFE1EB1CC6FF3400B8716D /* AddPlayerPGViewController.swift in Sources */ = {isa = PBXBuildFile; fileRef = 55DFE1EA1CC6FF3400B8716D /* AddPlayerPGViewController.swift */; };
		F4A4BCB01CD687FC00B62E22 /* nbaALL.json in Resources */ = {isa = PBXBuildFile; fileRef = F4A4BCAA1CD687FC00B62E22 /* nbaALL.json */; };
		F4A4BCB11CD687FC00B62E22 /* nbaC.json in Resources */ = {isa = PBXBuildFile; fileRef = F4A4BCAB1CD687FC00B62E22 /* nbaC.json */; };
		F4A4BCB21CD687FC00B62E22 /* nbaPF.json in Resources */ = {isa = PBXBuildFile; fileRef = F4A4BCAC1CD687FC00B62E22 /* nbaPF.json */; };
		F4A4BCB31CD687FC00B62E22 /* nbaPG.json in Resources */ = {isa = PBXBuildFile; fileRef = F4A4BCAD1CD687FC00B62E22 /* nbaPG.json */; };
		F4A4BCB41CD687FC00B62E22 /* nbaSF.json in Resources */ = {isa = PBXBuildFile; fileRef = F4A4BCAE1CD687FC00B62E22 /* nbaSF.json */; };
		F4A4BCB51CD687FC00B62E22 /* nbaSG.json in Resources */ = {isa = PBXBuildFile; fileRef = F4A4BCAF1CD687FC00B62E22 /* nbaSG.json */; };
		F4D186DD1CC2F92200631A07 /* PlayerListViewController.swift in Sources */ = {isa = PBXBuildFile; fileRef = F4D186DC1CC2F92200631A07 /* PlayerListViewController.swift */; };
/* End PBXBuildFile section */

/* Begin PBXContainerItemProxy section */
		5500C0251CBB1AC300A49A47 /* PBXContainerItemProxy */ = {
			isa = PBXContainerItemProxy;
			containerPortal = 5500C0081CBB1AC300A49A47 /* Project object */;
			proxyType = 1;
			remoteGlobalIDString = 5500C00F1CBB1AC300A49A47;
			remoteInfo = MyTeam;
		};
		5500C0301CBB1AC400A49A47 /* PBXContainerItemProxy */ = {
			isa = PBXContainerItemProxy;
			containerPortal = 5500C0081CBB1AC300A49A47 /* Project object */;
			proxyType = 1;
			remoteGlobalIDString = 5500C00F1CBB1AC300A49A47;
			remoteInfo = MyTeam;
		};
/* End PBXContainerItemProxy section */

/* Begin PBXFileReference section */
		5500C0101CBB1AC300A49A47 /* MyTeam.app */ = {isa = PBXFileReference; explicitFileType = wrapper.application; includeInIndex = 0; path = MyTeam.app; sourceTree = BUILT_PRODUCTS_DIR; };
		5500C0131CBB1AC300A49A47 /* AppDelegate.swift */ = {isa = PBXFileReference; lastKnownFileType = sourcecode.swift; path = AppDelegate.swift; sourceTree = "<group>"; };
		5500C0151CBB1AC300A49A47 /* PlayerStatsViewController.swift */ = {isa = PBXFileReference; lastKnownFileType = sourcecode.swift; path = PlayerStatsViewController.swift; sourceTree = "<group>"; };
		5500C0181CBB1AC300A49A47 /* Base */ = {isa = PBXFileReference; lastKnownFileType = file.storyboard; name = Base; path = Base.lproj/Main.storyboard; sourceTree = "<group>"; };
		5500C01A1CBB1AC300A49A47 /* Assets.xcassets */ = {isa = PBXFileReference; lastKnownFileType = folder.assetcatalog; path = Assets.xcassets; sourceTree = "<group>"; };
		5500C01D1CBB1AC300A49A47 /* Base */ = {isa = PBXFileReference; lastKnownFileType = file.storyboard; name = Base; path = Base.lproj/LaunchScreen.storyboard; sourceTree = "<group>"; };
		5500C01F1CBB1AC300A49A47 /* Info.plist */ = {isa = PBXFileReference; lastKnownFileType = text.plist.xml; path = Info.plist; sourceTree = "<group>"; };
		5500C0241CBB1AC300A49A47 /* MyTeamTests.xctest */ = {isa = PBXFileReference; explicitFileType = wrapper.cfbundle; includeInIndex = 0; path = MyTeamTests.xctest; sourceTree = BUILT_PRODUCTS_DIR; };
		5500C0281CBB1AC300A49A47 /* MyTeamTests.swift */ = {isa = PBXFileReference; lastKnownFileType = sourcecode.swift; path = MyTeamTests.swift; sourceTree = "<group>"; };
		5500C02A1CBB1AC300A49A47 /* Info.plist */ = {isa = PBXFileReference; lastKnownFileType = text.plist.xml; path = Info.plist; sourceTree = "<group>"; };
		5500C02F1CBB1AC300A49A47 /* MyTeamUITests.xctest */ = {isa = PBXFileReference; explicitFileType = wrapper.cfbundle; includeInIndex = 0; path = MyTeamUITests.xctest; sourceTree = BUILT_PRODUCTS_DIR; };
		5500C0331CBB1AC400A49A47 /* MyTeamUITests.swift */ = {isa = PBXFileReference; lastKnownFileType = sourcecode.swift; path = MyTeamUITests.swift; sourceTree = "<group>"; };
		5500C0351CBB1AC400A49A47 /* Info.plist */ = {isa = PBXFileReference; lastKnownFileType = text.plist.xml; path = Info.plist; sourceTree = "<group>"; };
		5597C46C1CD03C5A00C5B61B /* PlayerNameCell.swift */ = {isa = PBXFileReference; fileEncoding = 4; lastKnownFileType = sourcecode.swift; path = PlayerNameCell.swift; sourceTree = "<group>"; };
		55DFE1EA1CC6FF3400B8716D /* AddPlayerPGViewController.swift */ = {isa = PBXFileReference; fileEncoding = 4; lastKnownFileType = sourcecode.swift; path = AddPlayerPGViewController.swift; sourceTree = "<group>"; };
		F4A4BCAA1CD687FC00B62E22 /* nbaALL.json */ = {isa = PBXFileReference; fileEncoding = 4; lastKnownFileType = text.json; path = nbaALL.json; sourceTree = "<group>"; };
		F4A4BCAB1CD687FC00B62E22 /* nbaC.json */ = {isa = PBXFileReference; fileEncoding = 4; lastKnownFileType = text.json; path = nbaC.json; sourceTree = "<group>"; };
		F4A4BCAC1CD687FC00B62E22 /* nbaPF.json */ = {isa = PBXFileReference; fileEncoding = 4; lastKnownFileType = text.json; path = nbaPF.json; sourceTree = "<group>"; };
		F4A4BCAD1CD687FC00B62E22 /* nbaPG.json */ = {isa = PBXFileReference; fileEncoding = 4; lastKnownFileType = text.json; path = nbaPG.json; sourceTree = "<group>"; };
		F4A4BCAE1CD687FC00B62E22 /* nbaSF.json */ = {isa = PBXFileReference; fileEncoding = 4; lastKnownFileType = text.json; path = nbaSF.json; sourceTree = "<group>"; };
		F4A4BCAF1CD687FC00B62E22 /* nbaSG.json */ = {isa = PBXFileReference; fileEncoding = 4; lastKnownFileType = text.json; path = nbaSG.json; sourceTree = "<group>"; };
		F4D186DC1CC2F92200631A07 /* PlayerListViewController.swift */ = {isa = PBXFileReference; fileEncoding = 4; lastKnownFileType = sourcecode.swift; path = PlayerListViewController.swift; sourceTree = "<group>"; };
/* End PBXFileReference section */

/* Begin PBXFrameworksBuildPhase section */
		5500C00D1CBB1AC300A49A47 /* Frameworks */ = {
			isa = PBXFrameworksBuildPhase;
			buildActionMask = 2147483647;
			files = (
			);
			runOnlyForDeploymentPostprocessing = 0;
		};
		5500C0211CBB1AC300A49A47 /* Frameworks */ = {
			isa = PBXFrameworksBuildPhase;
			buildActionMask = 2147483647;
			files = (
			);
			runOnlyForDeploymentPostprocessing = 0;
		};
		5500C02C1CBB1AC300A49A47 /* Frameworks */ = {
			isa = PBXFrameworksBuildPhase;
			buildActionMask = 2147483647;
			files = (
			);
			runOnlyForDeploymentPostprocessing = 0;
		};
/* End PBXFrameworksBuildPhase section */

/* Begin PBXGroup section */
		5500C0071CBB1AC300A49A47 = {
			isa = PBXGroup;
			children = (
				5500C0121CBB1AC300A49A47 /* MyTeam */,
				5500C0271CBB1AC300A49A47 /* MyTeamTests */,
				5500C0321CBB1AC400A49A47 /* MyTeamUITests */,
				5500C0111CBB1AC300A49A47 /* Products */,
			);
			sourceTree = "<group>";
		};
		5500C0111CBB1AC300A49A47 /* Products */ = {
			isa = PBXGroup;
			children = (
				5500C0101CBB1AC300A49A47 /* MyTeam.app */,
				5500C0241CBB1AC300A49A47 /* MyTeamTests.xctest */,
				5500C02F1CBB1AC300A49A47 /* MyTeamUITests.xctest */,
			);
			name = Products;
			sourceTree = "<group>";
		};
		5500C0121CBB1AC300A49A47 /* MyTeam */ = {
			isa = PBXGroup;
			children = (
				5500C0131CBB1AC300A49A47 /* AppDelegate.swift */,
				5500C0171CBB1AC300A49A47 /* Main.storyboard */,
				F4A4BCAA1CD687FC00B62E22 /* nbaALL.json */,
				F4A4BCAB1CD687FC00B62E22 /* nbaC.json */,
				F4A4BCAC1CD687FC00B62E22 /* nbaPF.json */,
				F4A4BCAD1CD687FC00B62E22 /* nbaPG.json */,
				F4A4BCAE1CD687FC00B62E22 /* nbaSF.json */,
				F4A4BCAF1CD687FC00B62E22 /* nbaSG.json */,
				F4D186DC1CC2F92200631A07 /* PlayerListViewController.swift */,
				55DFE1EA1CC6FF3400B8716D /* AddPlayerPGViewController.swift */,
				5500C0151CBB1AC300A49A47 /* PlayerStatsViewController.swift */,
				5597C46C1CD03C5A00C5B61B /* PlayerNameCell.swift */,
				5500C01A1CBB1AC300A49A47 /* Assets.xcassets */,
				5500C01C1CBB1AC300A49A47 /* LaunchScreen.storyboard */,
				5500C01F1CBB1AC300A49A47 /* Info.plist */,
			);
			path = MyTeam;
			sourceTree = "<group>";
		};
		5500C0271CBB1AC300A49A47 /* MyTeamTests */ = {
			isa = PBXGroup;
			children = (
				5500C0281CBB1AC300A49A47 /* MyTeamTests.swift */,
				5500C02A1CBB1AC300A49A47 /* Info.plist */,
			);
			path = MyTeamTests;
			sourceTree = "<group>";
		};
		5500C0321CBB1AC400A49A47 /* MyTeamUITests */ = {
			isa = PBXGroup;
			children = (
				5500C0331CBB1AC400A49A47 /* MyTeamUITests.swift */,
				5500C0351CBB1AC400A49A47 /* Info.plist */,
			);
			path = MyTeamUITests;
			sourceTree = "<group>";
		};
/* End PBXGroup section */

/* Begin PBXNativeTarget section */
		5500C00F1CBB1AC300A49A47 /* MyTeam */ = {
			isa = PBXNativeTarget;
			buildConfigurationList = 5500C0381CBB1AC400A49A47 /* Build configuration list for PBXNativeTarget "MyTeam" */;
			buildPhases = (
				5500C00C1CBB1AC300A49A47 /* Sources */,
				5500C00D1CBB1AC300A49A47 /* Frameworks */,
				5500C00E1CBB1AC300A49A47 /* Resources */,
			);
			buildRules = (
			);
			dependencies = (
			);
			name = MyTeam;
			productName = MyTeam;
			productReference = 5500C0101CBB1AC300A49A47 /* MyTeam.app */;
			productType = "com.apple.product-type.application";
		};
		5500C0231CBB1AC300A49A47 /* MyTeamTests */ = {
			isa = PBXNativeTarget;
			buildConfigurationList = 5500C03B1CBB1AC400A49A47 /* Build configuration list for PBXNativeTarget "MyTeamTests" */;
			buildPhases = (
				5500C0201CBB1AC300A49A47 /* Sources */,
				5500C0211CBB1AC300A49A47 /* Frameworks */,
				5500C0221CBB1AC300A49A47 /* Resources */,
			);
			buildRules = (
			);
			dependencies = (
				5500C0261CBB1AC300A49A47 /* PBXTargetDependency */,
			);
			name = MyTeamTests;
			productName = MyTeamTests;
			productReference = 5500C0241CBB1AC300A49A47 /* MyTeamTests.xctest */;
			productType = "com.apple.product-type.bundle.unit-test";
		};
		5500C02E1CBB1AC300A49A47 /* MyTeamUITests */ = {
			isa = PBXNativeTarget;
			buildConfigurationList = 5500C03E1CBB1AC400A49A47 /* Build configuration list for PBXNativeTarget "MyTeamUITests" */;
			buildPhases = (
				5500C02B1CBB1AC300A49A47 /* Sources */,
				5500C02C1CBB1AC300A49A47 /* Frameworks */,
				5500C02D1CBB1AC300A49A47 /* Resources */,
			);
			buildRules = (
			);
			dependencies = (
				5500C0311CBB1AC400A49A47 /* PBXTargetDependency */,
			);
			name = MyTeamUITests;
			productName = MyTeamUITests;
			productReference = 5500C02F1CBB1AC300A49A47 /* MyTeamUITests.xctest */;
			productType = "com.apple.product-type.bundle.ui-testing";
		};
/* End PBXNativeTarget section */

/* Begin PBXProject section */
		5500C0081CBB1AC300A49A47 /* Project object */ = {
			isa = PBXProject;
			attributes = {
				LastSwiftUpdateCheck = 0730;
				LastUpgradeCheck = 0730;
				ORGANIZATIONNAME = "Big Nerd Ranch";
				TargetAttributes = {
					5500C00F1CBB1AC300A49A47 = {
						CreatedOnToolsVersion = 7.3;
						DevelopmentTeam = RPNPT65LG8;
					};
					5500C0231CBB1AC300A49A47 = {
						CreatedOnToolsVersion = 7.3;
						DevelopmentTeam = RPNPT65LG8;
						TestTargetID = 5500C00F1CBB1AC300A49A47;
					};
					5500C02E1CBB1AC300A49A47 = {
						CreatedOnToolsVersion = 7.3;
						DevelopmentTeam = RPNPT65LG8;
						TestTargetID = 5500C00F1CBB1AC300A49A47;
					};
				};
			};
			buildConfigurationList = 5500C00B1CBB1AC300A49A47 /* Build configuration list for PBXProject "MyTeam" */;
			compatibilityVersion = "Xcode 3.2";
			developmentRegion = English;
			hasScannedForEncodings = 0;
			knownRegions = (
				en,
				Base,
			);
			mainGroup = 5500C0071CBB1AC300A49A47;
			productRefGroup = 5500C0111CBB1AC300A49A47 /* Products */;
			projectDirPath = "";
			projectRoot = "";
			targets = (
				5500C00F1CBB1AC300A49A47 /* MyTeam */,
				5500C0231CBB1AC300A49A47 /* MyTeamTests */,
				5500C02E1CBB1AC300A49A47 /* MyTeamUITests */,
			);
		};
/* End PBXProject section */

/* Begin PBXResourcesBuildPhase section */
		5500C00E1CBB1AC300A49A47 /* Resources */ = {
			isa = PBXResourcesBuildPhase;
			buildActionMask = 2147483647;
			files = (
				5500C01E1CBB1AC300A49A47 /* LaunchScreen.storyboard in Resources */,
				F4A4BCB11CD687FC00B62E22 /* nbaC.json in Resources */,
				F4A4BCB31CD687FC00B62E22 /* nbaPG.json in Resources */,
				F4A4BCB01CD687FC00B62E22 /* nbaALL.json in Resources */,
				F4A4BCB41CD687FC00B62E22 /* nbaSF.json in Resources */,
				F4A4BCB21CD687FC00B62E22 /* nbaPF.json in Resources */,
				5500C01B1CBB1AC300A49A47 /* Assets.xcassets in Resources */,
				F4A4BCB51CD687FC00B62E22 /* nbaSG.json in Resources */,
				5500C0191CBB1AC300A49A47 /* Main.storyboard in Resources */,
			);
			runOnlyForDeploymentPostprocessing = 0;
		};
		5500C0221CBB1AC300A49A47 /* Resources */ = {
			isa = PBXResourcesBuildPhase;
			buildActionMask = 2147483647;
			files = (
			);
			runOnlyForDeploymentPostprocessing = 0;
		};
		5500C02D1CBB1AC300A49A47 /* Resources */ = {
			isa = PBXResourcesBuildPhase;
			buildActionMask = 2147483647;
			files = (
			);
			runOnlyForDeploymentPostprocessing = 0;
		};
/* End PBXResourcesBuildPhase section */

/* Begin PBXSourcesBuildPhase section */
		5500C00C1CBB1AC300A49A47 /* Sources */ = {
			isa = PBXSourcesBuildPhase;
			buildActionMask = 2147483647;
			files = (
				5597C46D1CD03C5A00C5B61B /* PlayerNameCell.swift in Sources */,
				5500C0161CBB1AC300A49A47 /* PlayerStatsViewController.swift in Sources */,
				55DFE1EB1CC6FF3400B8716D /* AddPlayerPGViewController.swift in Sources */,
				F4D186DD1CC2F92200631A07 /* PlayerListViewController.swift in Sources */,
				5500C0141CBB1AC300A49A47 /* AppDelegate.swift in Sources */,
			);
			runOnlyForDeploymentPostprocessing = 0;
		};
		5500C0201CBB1AC300A49A47 /* Sources */ = {
			isa = PBXSourcesBuildPhase;
			buildActionMask = 2147483647;
			files = (
				5500C0291CBB1AC300A49A47 /* MyTeamTests.swift in Sources */,
			);
			runOnlyForDeploymentPostprocessing = 0;
		};
		5500C02B1CBB1AC300A49A47 /* Sources */ = {
			isa = PBXSourcesBuildPhase;
			buildActionMask = 2147483647;
			files = (
				5500C0341CBB1AC400A49A47 /* MyTeamUITests.swift in Sources */,
			);
			runOnlyForDeploymentPostprocessing = 0;
		};
/* End PBXSourcesBuildPhase section */

/* Begin PBXTargetDependency section */
		5500C0261CBB1AC300A49A47 /* PBXTargetDependency */ = {
			isa = PBXTargetDependency;
			target = 5500C00F1CBB1AC300A49A47 /* MyTeam */;
			targetProxy = 5500C0251CBB1AC300A49A47 /* PBXContainerItemProxy */;
		};
		5500C0311CBB1AC400A49A47 /* PBXTargetDependency */ = {
			isa = PBXTargetDependency;
			target = 5500C00F1CBB1AC300A49A47 /* MyTeam */;
			targetProxy = 5500C0301CBB1AC400A49A47 /* PBXContainerItemProxy */;
		};
/* End PBXTargetDependency section */

/* Begin PBXVariantGroup section */
		5500C0171CBB1AC300A49A47 /* Main.storyboard */ = {
			isa = PBXVariantGroup;
			children = (
				5500C0181CBB1AC300A49A47 /* Base */,
			);
			name = Main.storyboard;
			sourceTree = "<group>";
		};
		5500C01C1CBB1AC300A49A47 /* LaunchScreen.storyboard */ = {
			isa = PBXVariantGroup;
			children = (
				5500C01D1CBB1AC300A49A47 /* Base */,
			);
			name = LaunchScreen.storyboard;
			sourceTree = "<group>";
		};
/* End PBXVariantGroup section */

/* Begin XCBuildConfiguration section */
		5500C0361CBB1AC400A49A47 /* Debug */ = {
			isa = XCBuildConfiguration;
			buildSettings = {
				ALWAYS_SEARCH_USER_PATHS = NO;
				CLANG_ANALYZER_NONNULL = YES;
				CLANG_CXX_LANGUAGE_STANDARD = "gnu++0x";
				CLANG_CXX_LIBRARY = "libc++";
				CLANG_ENABLE_MODULES = YES;
				CLANG_ENABLE_OBJC_ARC = YES;
				CLANG_WARN_BOOL_CONVERSION = YES;
				CLANG_WARN_CONSTANT_CONVERSION = YES;
				CLANG_WARN_DIRECT_OBJC_ISA_USAGE = YES_ERROR;
				CLANG_WARN_EMPTY_BODY = YES;
				CLANG_WARN_ENUM_CONVERSION = YES;
				CLANG_WARN_INT_CONVERSION = YES;
				CLANG_WARN_OBJC_ROOT_CLASS = YES_ERROR;
				CLANG_WARN_UNREACHABLE_CODE = YES;
				CLANG_WARN__DUPLICATE_METHOD_MATCH = YES;
				"CODE_SIGN_IDENTITY[sdk=iphoneos*]" = "iPhone Developer";
				COPY_PHASE_STRIP = NO;
				DEBUG_INFORMATION_FORMAT = dwarf;
				ENABLE_STRICT_OBJC_MSGSEND = YES;
				ENABLE_TESTABILITY = YES;
				GCC_C_LANGUAGE_STANDARD = gnu99;
				GCC_DYNAMIC_NO_PIC = NO;
				GCC_NO_COMMON_BLOCKS = YES;
				GCC_OPTIMIZATION_LEVEL = 0;
				GCC_PREPROCESSOR_DEFINITIONS = (
					"DEBUG=1",
					"$(inherited)",
				);
				GCC_WARN_64_TO_32_BIT_CONVERSION = YES;
				GCC_WARN_ABOUT_RETURN_TYPE = YES_ERROR;
				GCC_WARN_UNDECLARED_SELECTOR = YES;
				GCC_WARN_UNINITIALIZED_AUTOS = YES_AGGRESSIVE;
				GCC_WARN_UNUSED_FUNCTION = YES;
				GCC_WARN_UNUSED_VARIABLE = YES;
				IPHONEOS_DEPLOYMENT_TARGET = 9.3;
				MTL_ENABLE_DEBUG_INFO = YES;
				ONLY_ACTIVE_ARCH = YES;
				SDKROOT = iphoneos;
				SWIFT_OPTIMIZATION_LEVEL = "-Onone";
			};
			name = Debug;
		};
		5500C0371CBB1AC400A49A47 /* Release */ = {
			isa = XCBuildConfiguration;
			buildSettings = {
				ALWAYS_SEARCH_USER_PATHS = NO;
				CLANG_ANALYZER_NONNULL = YES;
				CLANG_CXX_LANGUAGE_STANDARD = "gnu++0x";
				CLANG_CXX_LIBRARY = "libc++";
				CLANG_ENABLE_MODULES = YES;
				CLANG_ENABLE_OBJC_ARC = YES;
				CLANG_WARN_BOOL_CONVERSION = YES;
				CLANG_WARN_CONSTANT_CONVERSION = YES;
				CLANG_WARN_DIRECT_OBJC_ISA_USAGE = YES_ERROR;
				CLANG_WARN_EMPTY_BODY = YES;
				CLANG_WARN_ENUM_CONVERSION = YES;
				CLANG_WARN_INT_CONVERSION = YES;
				CLANG_WARN_OBJC_ROOT_CLASS = YES_ERROR;
				CLANG_WARN_UNREACHABLE_CODE = YES;
				CLANG_WARN__DUPLICATE_METHOD_MATCH = YES;
				"CODE_SIGN_IDENTITY[sdk=iphoneos*]" = "iPhone Developer";
				COPY_PHASE_STRIP = NO;
				DEBUG_INFORMATION_FORMAT = "dwarf-with-dsym";
				ENABLE_NS_ASSERTIONS = NO;
				ENABLE_STRICT_OBJC_MSGSEND = YES;
				GCC_C_LANGUAGE_STANDARD = gnu99;
				GCC_NO_COMMON_BLOCKS = YES;
				GCC_WARN_64_TO_32_BIT_CONVERSION = YES;
				GCC_WARN_ABOUT_RETURN_TYPE = YES_ERROR;
				GCC_WARN_UNDECLARED_SELECTOR = YES;
				GCC_WARN_UNINITIALIZED_AUTOS = YES_AGGRESSIVE;
				GCC_WARN_UNUSED_FUNCTION = YES;
				GCC_WARN_UNUSED_VARIABLE = YES;
				IPHONEOS_DEPLOYMENT_TARGET = 9.3;
				MTL_ENABLE_DEBUG_INFO = NO;
				SDKROOT = iphoneos;
				VALIDATE_PRODUCT = YES;
			};
			name = Release;
		};
		5500C0391CBB1AC400A49A47 /* Debug */ = {
			isa = XCBuildConfiguration;
			buildSettings = {
				ASSETCATALOG_COMPILER_APPICON_NAME = AppIcon;
				INFOPLIST_FILE = MyTeam/Info.plist;
				LD_RUNPATH_SEARCH_PATHS = "$(inherited) @executable_path/Frameworks";
				PRODUCT_BUNDLE_IDENTIFIER = com.bignerdranch.MyTeam;
				PRODUCT_NAME = "$(TARGET_NAME)";
			};
			name = Debug;
		};
		5500C03A1CBB1AC400A49A47 /* Release */ = {
			isa = XCBuildConfiguration;
			buildSettings = {
				ASSETCATALOG_COMPILER_APPICON_NAME = AppIcon;
				INFOPLIST_FILE = MyTeam/Info.plist;
				LD_RUNPATH_SEARCH_PATHS = "$(inherited) @executable_path/Frameworks";
				PRODUCT_BUNDLE_IDENTIFIER = com.bignerdranch.MyTeam;
				PRODUCT_NAME = "$(TARGET_NAME)";
			};
			name = Release;
		};
		5500C03C1CBB1AC400A49A47 /* Debug */ = {
			isa = XCBuildConfiguration;
			buildSettings = {
				BUNDLE_LOADER = "$(TEST_HOST)";
				INFOPLIST_FILE = MyTeamTests/Info.plist;
				LD_RUNPATH_SEARCH_PATHS = "$(inherited) @executable_path/Frameworks @loader_path/Frameworks";
				PRODUCT_BUNDLE_IDENTIFIER = com.bignerdranch.MyTeamTests;
				PRODUCT_NAME = "$(TARGET_NAME)";
				TEST_HOST = "$(BUILT_PRODUCTS_DIR)/MyTeam.app/MyTeam";
			};
			name = Debug;
		};
		5500C03D1CBB1AC400A49A47 /* Release */ = {
			isa = XCBuildConfiguration;
			buildSettings = {
				BUNDLE_LOADER = "$(TEST_HOST)";
				INFOPLIST_FILE = MyTeamTests/Info.plist;
				LD_RUNPATH_SEARCH_PATHS = "$(inherited) @executable_path/Frameworks @loader_path/Frameworks";
				PRODUCT_BUNDLE_IDENTIFIER = com.bignerdranch.MyTeamTests;
				PRODUCT_NAME = "$(TARGET_NAME)";
				TEST_HOST = "$(BUILT_PRODUCTS_DIR)/MyTeam.app/MyTeam";
			};
			name = Release;
		};
		5500C03F1CBB1AC400A49A47 /* Debug */ = {
			isa = XCBuildConfiguration;
			buildSettings = {
				INFOPLIST_FILE = MyTeamUITests/Info.plist;
				LD_RUNPATH_SEARCH_PATHS = "$(inherited) @executable_path/Frameworks @loader_path/Frameworks";
				PRODUCT_BUNDLE_IDENTIFIER = com.bignerdranch.MyTeamUITests;
				PRODUCT_NAME = "$(TARGET_NAME)";
				TEST_TARGET_NAME = MyTeam;
			};
			name = Debug;
		};
		5500C0401CBB1AC400A49A47 /* Release */ = {
			isa = XCBuildConfiguration;
			buildSettings = {
				INFOPLIST_FILE = MyTeamUITests/Info.plist;
				LD_RUNPATH_SEARCH_PATHS = "$(inherited) @executable_path/Frameworks @loader_path/Frameworks";
				PRODUCT_BUNDLE_IDENTIFIER = com.bignerdranch.MyTeamUITests;
				PRODUCT_NAME = "$(TARGET_NAME)";
				TEST_TARGET_NAME = MyTeam;
			};
			name = Release;
		};
/* End XCBuildConfiguration section */

/* Begin XCConfigurationList section */
		5500C00B1CBB1AC300A49A47 /* Build configuration list for PBXProject "MyTeam" */ = {
			isa = XCConfigurationList;
			buildConfigurations = (
				5500C0361CBB1AC400A49A47 /* Debug */,
				5500C0371CBB1AC400A49A47 /* Release */,
			);
			defaultConfigurationIsVisible = 0;
			defaultConfigurationName = Release;
		};
		5500C0381CBB1AC400A49A47 /* Build configuration list for PBXNativeTarget "MyTeam" */ = {
			isa = XCConfigurationList;
			buildConfigurations = (
				5500C0391CBB1AC400A49A47 /* Debug */,
				5500C03A1CBB1AC400A49A47 /* Release */,
			);
			defaultConfigurationIsVisible = 0;
			defaultConfigurationName = Release;
		};
		5500C03B1CBB1AC400A49A47 /* Build configuration list for PBXNativeTarget "MyTeamTests" */ = {
			isa = XCConfigurationList;
			buildConfigurations = (
				5500C03C1CBB1AC400A49A47 /* Debug */,
				5500C03D1CBB1AC400A49A47 /* Release */,
			);
			defaultConfigurationIsVisible = 0;
			defaultConfigurationName = Release;
		};
		5500C03E1CBB1AC400A49A47 /* Build configuration list for PBXNativeTarget "MyTeamUITests" */ = {
			isa = XCConfigurationList;
			buildConfigurations = (
				5500C03F1CBB1AC400A49A47 /* Debug */,
				5500C0401CBB1AC400A49A47 /* Release */,
			);
			defaultConfigurationIsVisible = 0;
			defaultConfigurationName = Release;
		};
/* End XCConfigurationList section */
	};
	rootObject = 5500C0081CBB1AC300A49A47 /* Project object */;
}
