// !$*UTF8*$!
{
	archiveVersion = 1;
	classes = {
	};
	objectVersion = 46;
	objects = {

/* Begin PBXBuildFile section */
		F43273711C839C0300784753 /* AppDelegate.swift in Sources */ = {isa = PBXBuildFile; fileRef = F43273701C839C0300784753 /* AppDelegate.swift */; };
		F43273761C839C0300784753 /* Main.storyboard in Resources */ = {isa = PBXBuildFile; fileRef = F43273741C839C0300784753 /* Main.storyboard */; };
		F43273781C839C0300784753 /* Assets.xcassets in Resources */ = {isa = PBXBuildFile; fileRef = F43273771C839C0300784753 /* Assets.xcassets */; };
		F432737B1C839C0300784753 /* LaunchScreen.storyboard in Resources */ = {isa = PBXBuildFile; fileRef = F43273791C839C0300784753 /* LaunchScreen.storyboard */; };
		F43273831C839CD100784753 /* ItemsViewController.swift in Sources */ = {isa = PBXBuildFile; fileRef = F43273821C839CD100784753 /* ItemsViewController.swift */; };
		F43273851C839F6400784753 /* Item.swift in Sources */ = {isa = PBXBuildFile; fileRef = F43273841C839F6400784753 /* Item.swift */; };
		F43273871C83A4F800784753 /* ItemStore.swift in Sources */ = {isa = PBXBuildFile; fileRef = F43273861C83A4F800784753 /* ItemStore.swift */; };
/* End PBXBuildFile section */

/* Begin PBXFileReference section */
		F432736D1C839C0300784753 /* Homepwner.app */ = {isa = PBXFileReference; explicitFileType = wrapper.application; includeInIndex = 0; path = Homepwner.app; sourceTree = BUILT_PRODUCTS_DIR; };
		F43273701C839C0300784753 /* AppDelegate.swift */ = {isa = PBXFileReference; lastKnownFileType = sourcecode.swift; path = AppDelegate.swift; sourceTree = "<group>"; };
		F43273751C839C0300784753 /* Base */ = {isa = PBXFileReference; lastKnownFileType = file.storyboard; name = Base; path = Base.lproj/Main.storyboard; sourceTree = "<group>"; };
		F43273771C839C0300784753 /* Assets.xcassets */ = {isa = PBXFileReference; lastKnownFileType = folder.assetcatalog; path = Assets.xcassets; sourceTree = "<group>"; };
		F432737A1C839C0300784753 /* Base */ = {isa = PBXFileReference; lastKnownFileType = file.storyboard; name = Base; path = Base.lproj/LaunchScreen.storyboard; sourceTree = "<group>"; };
		F432737C1C839C0300784753 /* Info.plist */ = {isa = PBXFileReference; lastKnownFileType = text.plist.xml; path = Info.plist; sourceTree = "<group>"; };
		F43273821C839CD100784753 /* ItemsViewController.swift */ = {isa = PBXFileReference; fileEncoding = 4; lastKnownFileType = sourcecode.swift; path = ItemsViewController.swift; sourceTree = "<group>"; };
		F43273841C839F6400784753 /* Item.swift */ = {isa = PBXFileReference; fileEncoding = 4; lastKnownFileType = sourcecode.swift; path = Item.swift; sourceTree = "<group>"; };
		F43273861C83A4F800784753 /* ItemStore.swift */ = {isa = PBXFileReference; fileEncoding = 4; lastKnownFileType = sourcecode.swift; path = ItemStore.swift; sourceTree = "<group>"; };
/* End PBXFileReference section */

/* Begin PBXFrameworksBuildPhase section */
		F432736A1C839C0300784753 /* Frameworks */ = {
			isa = PBXFrameworksBuildPhase;
			buildActionMask = 2147483647;
			files = (
			);
			runOnlyForDeploymentPostprocessing = 0;
		};
/* End PBXFrameworksBuildPhase section */

/* Begin PBXGroup section */
		F43273641C839C0300784753 = {
			isa = PBXGroup;
			children = (
				F432736F1C839C0300784753 /* Homepwner */,
				F432736E1C839C0300784753 /* Products */,
			);
			sourceTree = "<group>";
		};
		F432736E1C839C0300784753 /* Products */ = {
			isa = PBXGroup;
			children = (
				F432736D1C839C0300784753 /* Homepwner.app */,
			);
			name = Products;
			sourceTree = "<group>";
		};
		F432736F1C839C0300784753 /* Homepwner */ = {
			isa = PBXGroup;
			children = (
				F43273701C839C0300784753 /* AppDelegate.swift */,
				F43273821C839CD100784753 /* ItemsViewController.swift */,
				F43273841C839F6400784753 /* Item.swift */,
				F43273861C83A4F800784753 /* ItemStore.swift */,
				F43273741C839C0300784753 /* Main.storyboard */,
				F43273771C839C0300784753 /* Assets.xcassets */,
				F43273791C839C0300784753 /* LaunchScreen.storyboard */,
				F432737C1C839C0300784753 /* Info.plist */,
			);
			path = Homepwner;
			sourceTree = "<group>";
		};
/* End PBXGroup section */

/* Begin PBXNativeTarget section */
		F432736C1C839C0300784753 /* Homepwner */ = {
			isa = PBXNativeTarget;
			buildConfigurationList = F432737F1C839C0300784753 /* Build configuration list for PBXNativeTarget "Homepwner" */;
			buildPhases = (
				F43273691C839C0300784753 /* Sources */,
				F432736A1C839C0300784753 /* Frameworks */,
				F432736B1C839C0300784753 /* Resources */,
			);
			buildRules = (
			);
			dependencies = (
			);
			name = Homepwner;
			productName = Homepwner;
			productReference = F432736D1C839C0300784753 /* Homepwner.app */;
			productType = "com.apple.product-type.application";
		};
/* End PBXNativeTarget section */

/* Begin PBXProject section */
		F43273651C839C0300784753 /* Project object */ = {
			isa = PBXProject;
			attributes = {
				LastSwiftUpdateCheck = 0730;
				LastUpgradeCheck = 0730;
				ORGANIZATIONNAME = "FinesseFilm Productions";
				TargetAttributes = {
					F432736C1C839C0300784753 = {
						CreatedOnToolsVersion = 7.3;
					};
				};
			};
			buildConfigurationList = F43273681C839C0300784753 /* Build configuration list for PBXProject "Homepwner" */;
			compatibilityVersion = "Xcode 3.2";
			developmentRegion = English;
			hasScannedForEncodings = 0;
			knownRegions = (
				en,
				Base,
			);
			mainGroup = F43273641C839C0300784753;
			productRefGroup = F432736E1C839C0300784753 /* Products */;
			projectDirPath = "";
			projectRoot = "";
			targets = (
				F432736C1C839C0300784753 /* Homepwner */,
			);
		};
/* End PBXProject section */

/* Begin PBXResourcesBuildPhase section */
		F432736B1C839C0300784753 /* Resources */ = {
			isa = PBXResourcesBuildPhase;
			buildActionMask = 2147483647;
			files = (
				F432737B1C839C0300784753 /* LaunchScreen.storyboard in Resources */,
				F43273781C839C0300784753 /* Assets.xcassets in Resources */,
				F43273761C839C0300784753 /* Main.storyboard in Resources */,
			);
			runOnlyForDeploymentPostprocessing = 0;
		};
/* End PBXResourcesBuildPhase section */

/* Begin PBXSourcesBuildPhase section */
		F43273691C839C0300784753 /* Sources */ = {
			isa = PBXSourcesBuildPhase;
			buildActionMask = 2147483647;
			files = (
				F43273831C839CD100784753 /* ItemsViewController.swift in Sources */,
				F43273851C839F6400784753 /* Item.swift in Sources */,
				F43273871C83A4F800784753 /* ItemStore.swift in Sources */,
				F43273711C839C0300784753 /* AppDelegate.swift in Sources */,
			);
			runOnlyForDeploymentPostprocessing = 0;
		};
/* End PBXSourcesBuildPhase section */

/* Begin PBXVariantGroup section */
		F43273741C839C0300784753 /* Main.storyboard */ = {
			isa = PBXVariantGroup;
			children = (
				F43273751C839C0300784753 /* Base */,
			);
			name = Main.storyboard;
			sourceTree = "<group>";
		};
		F43273791C839C0300784753 /* LaunchScreen.storyboard */ = {
			isa = PBXVariantGroup;
			children = (
				F432737A1C839C0300784753 /* Base */,
			);
			name = LaunchScreen.storyboard;
			sourceTree = "<group>";
		};
/* End PBXVariantGroup section */

/* Begin XCBuildConfiguration section */
		F432737D1C839C0300784753 /* Debug */ = {
			isa = XCBuildConfiguration;
			buildSettings = {
				ALWAYS_SEARCH_USER_PATHS = NO;
				CLANG_CXX_LANGUAGE_STANDARD = "gnu++0x";
				CLANG_CXX_LIBRARY = "libc++";
				CLANG_ENABLE_MODULES = YES;
				CLANG_ENABLE_OBJC_ARC = YES;
				CLANG_WARN_BOOL_CONVERSION = YES;
				CLANG_WARN_CONSTANT_CONVERSION = YES;
				CLANG_WARN_DIRECT_OBJC_ISA_USAGE = YES_ERROR;
				CLANG_WARN_EMPTY_BODY = YES;
				CLANG_WARN_ENUM_CONVERSION = YES;
				CLANG_WARN_INT_CONVERSION = YES;
				CLANG_WARN_OBJC_ROOT_CLASS = YES_ERROR;
				CLANG_WARN_UNREACHABLE_CODE = YES;
				CLANG_WARN__DUPLICATE_METHOD_MATCH = YES;
				"CODE_SIGN_IDENTITY[sdk=iphoneos*]" = "iPhone Developer";
				COPY_PHASE_STRIP = NO;
				DEBUG_INFORMATION_FORMAT = dwarf;
				ENABLE_STRICT_OBJC_MSGSEND = YES;
				ENABLE_TESTABILITY = YES;
				GCC_C_LANGUAGE_STANDARD = gnu99;
				GCC_DYNAMIC_NO_PIC = NO;
				GCC_NO_COMMON_BLOCKS = YES;
				GCC_OPTIMIZATION_LEVEL = 0;
				GCC_PREPROCESSOR_DEFINITIONS = (
					"DEBUG=1",
					"$(inherited)",
				);
				GCC_WARN_64_TO_32_BIT_CONVERSION = YES;
				GCC_WARN_ABOUT_RETURN_TYPE = YES_ERROR;
				GCC_WARN_UNDECLARED_SELECTOR = YES;
				GCC_WARN_UNINITIALIZED_AUTOS = YES_AGGRESSIVE;
				GCC_WARN_UNUSED_FUNCTION = YES;
				GCC_WARN_UNUSED_VARIABLE = YES;
				IPHONEOS_DEPLOYMENT_TARGET = 9.3;
				MTL_ENABLE_DEBUG_INFO = YES;
				ONLY_ACTIVE_ARCH = YES;
				SDKROOT = iphoneos;
				SWIFT_OPTIMIZATION_LEVEL = "-Onone";
			};
			name = Debug;
		};
		F432737E1C839C0300784753 /* Release */ = {
			isa = XCBuildConfiguration;
			buildSettings = {
				ALWAYS_SEARCH_USER_PATHS = NO;
				CLANG_CXX_LANGUAGE_STANDARD = "gnu++0x";
				CLANG_CXX_LIBRARY = "libc++";
				CLANG_ENABLE_MODULES = YES;
				CLANG_ENABLE_OBJC_ARC = YES;
				CLANG_WARN_BOOL_CONVERSION = YES;
				CLANG_WARN_CONSTANT_CONVERSION = YES;
				CLANG_WARN_DIRECT_OBJC_ISA_USAGE = YES_ERROR;
				CLANG_WARN_EMPTY_BODY = YES;
				CLANG_WARN_ENUM_CONVERSION = YES;
				CLANG_WARN_INT_CONVERSION = YES;
				CLANG_WARN_OBJC_ROOT_CLASS = YES_ERROR;
				CLANG_WARN_UNREACHABLE_CODE = YES;
				CLANG_WARN__DUPLICATE_METHOD_MATCH = YES;
				"CODE_SIGN_IDENTITY[sdk=iphoneos*]" = "iPhone Developer";
				COPY_PHASE_STRIP = NO;
				DEBUG_INFORMATION_FORMAT = "dwarf-with-dsym";
				ENABLE_NS_ASSERTIONS = NO;
				ENABLE_STRICT_OBJC_MSGSEND = YES;
				GCC_C_LANGUAGE_STANDARD = gnu99;
				GCC_NO_COMMON_BLOCKS = YES;
				GCC_WARN_64_TO_32_BIT_CONVERSION = YES;
				GCC_WARN_ABOUT_RETURN_TYPE = YES_ERROR;
				GCC_WARN_UNDECLARED_SELECTOR = YES;
				GCC_WARN_UNINITIALIZED_AUTOS = YES_AGGRESSIVE;
				GCC_WARN_UNUSED_FUNCTION = YES;
				GCC_WARN_UNUSED_VARIABLE = YES;
				IPHONEOS_DEPLOYMENT_TARGET = 9.3;
				MTL_ENABLE_DEBUG_INFO = NO;
				SDKROOT = iphoneos;
				VALIDATE_PRODUCT = YES;
			};
			name = Release;
		};
		F43273801C839C0300784753 /* Debug */ = {
			isa = XCBuildConfiguration;
			buildSettings = {
				ASSETCATALOG_COMPILER_APPICON_NAME = AppIcon;
				INFOPLIST_FILE = Homepwner/Info.plist;
				LD_RUNPATH_SEARCH_PATHS = "$(inherited) @executable_path/Frameworks";
				PRODUCT_BUNDLE_IDENTIFIER = com.FinesseFilmProductions.Homepwner;
				PRODUCT_NAME = "$(TARGET_NAME)";
			};
			name = Debug;
		};
		F43273811C839C0300784753 /* Release */ = {
			isa = XCBuildConfiguration;
			buildSettings = {
				ASSETCATALOG_COMPILER_APPICON_NAME = AppIcon;
				INFOPLIST_FILE = Homepwner/Info.plist;
				LD_RUNPATH_SEARCH_PATHS = "$(inherited) @executable_path/Frameworks";
				PRODUCT_BUNDLE_IDENTIFIER = com.FinesseFilmProductions.Homepwner;
				PRODUCT_NAME = "$(TARGET_NAME)";
			};
			name = Release;
		};
/* End XCBuildConfiguration section */

/* Begin XCConfigurationList section */
		F43273681C839C0300784753 /* Build configuration list for PBXProject "Homepwner" */ = {
			isa = XCConfigurationList;
			buildConfigurations = (
				F432737D1C839C0300784753 /* Debug */,
				F432737E1C839C0300784753 /* Release */,
			);
			defaultConfigurationIsVisible = 0;
			defaultConfigurationName = Release;
		};
		F432737F1C839C0300784753 /* Build configuration list for PBXNativeTarget "Homepwner" */ = {
			isa = XCConfigurationList;
			buildConfigurations = (
				F43273801C839C0300784753 /* Debug */,
				F43273811C839C0300784753 /* Release */,
			);
			defaultConfigurationIsVisible = 0;
		};
/* End XCConfigurationList section */
	};
	rootObject = F43273651C839C0300784753 /* Project object */;
}
