// !$*UTF8*$!
{
	archiveVersion = 1;
	classes = {
	};
	objectVersion = 46;
	objects = {

/* Begin PBXBuildFile section */
		55E650531C83968F00C581BA /* AppDelegate.swift in Sources */ = {isa = PBXBuildFile; fileRef = 55E650521C83968F00C581BA /* AppDelegate.swift */; };
		55E650581C83968F00C581BA /* Main.storyboard in Resources */ = {isa = PBXBuildFile; fileRef = 55E650561C83968F00C581BA /* Main.storyboard */; };
		55E6505A1C83968F00C581BA /* Assets.xcassets in Resources */ = {isa = PBXBuildFile; fileRef = 55E650591C83968F00C581BA /* Assets.xcassets */; };
		55E6505D1C83968F00C581BA /* LaunchScreen.storyboard in Resources */ = {isa = PBXBuildFile; fileRef = 55E6505B1C83968F00C581BA /* LaunchScreen.storyboard */; };
		55E650681C83968F00C581BA /* HomepwnerTests.swift in Sources */ = {isa = PBXBuildFile; fileRef = 55E650671C83968F00C581BA /* HomepwnerTests.swift */; };
		55E650731C83968F00C581BA /* HomepwnerUITests.swift in Sources */ = {isa = PBXBuildFile; fileRef = 55E650721C83968F00C581BA /* HomepwnerUITests.swift */; };
		55E650811C839B5E00C581BA /* ItemsViewController.swift in Sources */ = {isa = PBXBuildFile; fileRef = 55E650801C839B5E00C581BA /* ItemsViewController.swift */; };
		55E650831C839DE400C581BA /* Item.swift in Sources */ = {isa = PBXBuildFile; fileRef = 55E650821C839DE400C581BA /* Item.swift */; };
		55E650851C83A18700C581BA /* ItemStore.swift in Sources */ = {isa = PBXBuildFile; fileRef = 55E650841C83A18700C581BA /* ItemStore.swift */; };
/* End PBXBuildFile section */

/* Begin PBXContainerItemProxy section */
		55E650641C83968F00C581BA /* PBXContainerItemProxy */ = {
			isa = PBXContainerItemProxy;
			containerPortal = 55E650471C83968F00C581BA /* Project object */;
			proxyType = 1;
			remoteGlobalIDString = 55E6504E1C83968F00C581BA;
			remoteInfo = Homepwner;
		};
		55E6506F1C83968F00C581BA /* PBXContainerItemProxy */ = {
			isa = PBXContainerItemProxy;
			containerPortal = 55E650471C83968F00C581BA /* Project object */;
			proxyType = 1;
			remoteGlobalIDString = 55E6504E1C83968F00C581BA;
			remoteInfo = Homepwner;
		};
/* End PBXContainerItemProxy section */

/* Begin PBXFileReference section */
		55E6504F1C83968F00C581BA /* Homepwner.app */ = {isa = PBXFileReference; explicitFileType = wrapper.application; includeInIndex = 0; path = Homepwner.app; sourceTree = BUILT_PRODUCTS_DIR; };
		55E650521C83968F00C581BA /* AppDelegate.swift */ = {isa = PBXFileReference; lastKnownFileType = sourcecode.swift; path = AppDelegate.swift; sourceTree = "<group>"; };
		55E650571C83968F00C581BA /* Base */ = {isa = PBXFileReference; lastKnownFileType = file.storyboard; name = Base; path = Base.lproj/Main.storyboard; sourceTree = "<group>"; };
		55E650591C83968F00C581BA /* Assets.xcassets */ = {isa = PBXFileReference; lastKnownFileType = folder.assetcatalog; path = Assets.xcassets; sourceTree = "<group>"; };
		55E6505C1C83968F00C581BA /* Base */ = {isa = PBXFileReference; lastKnownFileType = file.storyboard; name = Base; path = Base.lproj/LaunchScreen.storyboard; sourceTree = "<group>"; };
		55E6505E1C83968F00C581BA /* Info.plist */ = {isa = PBXFileReference; lastKnownFileType = text.plist.xml; path = Info.plist; sourceTree = "<group>"; };
		55E650631C83968F00C581BA /* HomepwnerTests.xctest */ = {isa = PBXFileReference; explicitFileType = wrapper.cfbundle; includeInIndex = 0; path = HomepwnerTests.xctest; sourceTree = BUILT_PRODUCTS_DIR; };
		55E650671C83968F00C581BA /* HomepwnerTests.swift */ = {isa = PBXFileReference; lastKnownFileType = sourcecode.swift; path = HomepwnerTests.swift; sourceTree = "<group>"; };
		55E650691C83968F00C581BA /* Info.plist */ = {isa = PBXFileReference; lastKnownFileType = text.plist.xml; path = Info.plist; sourceTree = "<group>"; };
		55E6506E1C83968F00C581BA /* HomepwnerUITests.xctest */ = {isa = PBXFileReference; explicitFileType = wrapper.cfbundle; includeInIndex = 0; path = HomepwnerUITests.xctest; sourceTree = BUILT_PRODUCTS_DIR; };
		55E650721C83968F00C581BA /* HomepwnerUITests.swift */ = {isa = PBXFileReference; lastKnownFileType = sourcecode.swift; path = HomepwnerUITests.swift; sourceTree = "<group>"; };
		55E650741C83968F00C581BA /* Info.plist */ = {isa = PBXFileReference; lastKnownFileType = text.plist.xml; path = Info.plist; sourceTree = "<group>"; };
		55E650801C839B5E00C581BA /* ItemsViewController.swift */ = {isa = PBXFileReference; fileEncoding = 4; lastKnownFileType = sourcecode.swift; path = ItemsViewController.swift; sourceTree = "<group>"; };
		55E650821C839DE400C581BA /* Item.swift */ = {isa = PBXFileReference; fileEncoding = 4; lastKnownFileType = sourcecode.swift; path = Item.swift; sourceTree = "<group>"; };
		55E650841C83A18700C581BA /* ItemStore.swift */ = {isa = PBXFileReference; fileEncoding = 4; lastKnownFileType = sourcecode.swift; path = ItemStore.swift; sourceTree = "<group>"; };
/* End PBXFileReference section */

/* Begin PBXFrameworksBuildPhase section */
		55E6504C1C83968F00C581BA /* Frameworks */ = {
			isa = PBXFrameworksBuildPhase;
			buildActionMask = 2147483647;
			files = (
			);
			runOnlyForDeploymentPostprocessing = 0;
		};
		55E650601C83968F00C581BA /* Frameworks */ = {
			isa = PBXFrameworksBuildPhase;
			buildActionMask = 2147483647;
			files = (
			);
			runOnlyForDeploymentPostprocessing = 0;
		};
		55E6506B1C83968F00C581BA /* Frameworks */ = {
			isa = PBXFrameworksBuildPhase;
			buildActionMask = 2147483647;
			files = (
			);
			runOnlyForDeploymentPostprocessing = 0;
		};
/* End PBXFrameworksBuildPhase section */

/* Begin PBXGroup section */
		55E650461C83968F00C581BA = {
			isa = PBXGroup;
			children = (
				55E650511C83968F00C581BA /* Homepwner */,
				55E650661C83968F00C581BA /* HomepwnerTests */,
				55E650711C83968F00C581BA /* HomepwnerUITests */,
				55E650501C83968F00C581BA /* Products */,
			);
			sourceTree = "<group>";
		};
		55E650501C83968F00C581BA /* Products */ = {
			isa = PBXGroup;
			children = (
				55E6504F1C83968F00C581BA /* Homepwner.app */,
				55E650631C83968F00C581BA /* HomepwnerTests.xctest */,
				55E6506E1C83968F00C581BA /* HomepwnerUITests.xctest */,
			);
			name = Products;
			sourceTree = "<group>";
		};
		55E650511C83968F00C581BA /* Homepwner */ = {
			isa = PBXGroup;
			children = (
				55E650521C83968F00C581BA /* AppDelegate.swift */,
				55E650801C839B5E00C581BA /* ItemsViewController.swift */,
				55E650821C839DE400C581BA /* Item.swift */,
				55E650841C83A18700C581BA /* ItemStore.swift */,
				55E650561C83968F00C581BA /* Main.storyboard */,
				55E650591C83968F00C581BA /* Assets.xcassets */,
				55E6505B1C83968F00C581BA /* LaunchScreen.storyboard */,
				55E6505E1C83968F00C581BA /* Info.plist */,
			);
			path = Homepwner;
			sourceTree = "<group>";
		};
		55E650661C83968F00C581BA /* HomepwnerTests */ = {
			isa = PBXGroup;
			children = (
				55E650671C83968F00C581BA /* HomepwnerTests.swift */,
				55E650691C83968F00C581BA /* Info.plist */,
			);
			path = HomepwnerTests;
			sourceTree = "<group>";
		};
		55E650711C83968F00C581BA /* HomepwnerUITests */ = {
			isa = PBXGroup;
			children = (
				55E650721C83968F00C581BA /* HomepwnerUITests.swift */,
				55E650741C83968F00C581BA /* Info.plist */,
			);
			path = HomepwnerUITests;
			sourceTree = "<group>";
		};
/* End PBXGroup section */

/* Begin PBXNativeTarget section */
		55E6504E1C83968F00C581BA /* Homepwner */ = {
			isa = PBXNativeTarget;
			buildConfigurationList = 55E650771C83968F00C581BA /* Build configuration list for PBXNativeTarget "Homepwner" */;
			buildPhases = (
				55E6504B1C83968F00C581BA /* Sources */,
				55E6504C1C83968F00C581BA /* Frameworks */,
				55E6504D1C83968F00C581BA /* Resources */,
			);
			buildRules = (
			);
			dependencies = (
			);
			name = Homepwner;
			productName = Homepwner;
			productReference = 55E6504F1C83968F00C581BA /* Homepwner.app */;
			productType = "com.apple.product-type.application";
		};
		55E650621C83968F00C581BA /* HomepwnerTests */ = {
			isa = PBXNativeTarget;
			buildConfigurationList = 55E6507A1C83968F00C581BA /* Build configuration list for PBXNativeTarget "HomepwnerTests" */;
			buildPhases = (
				55E6505F1C83968F00C581BA /* Sources */,
				55E650601C83968F00C581BA /* Frameworks */,
				55E650611C83968F00C581BA /* Resources */,
			);
			buildRules = (
			);
			dependencies = (
				55E650651C83968F00C581BA /* PBXTargetDependency */,
			);
			name = HomepwnerTests;
			productName = HomepwnerTests;
			productReference = 55E650631C83968F00C581BA /* HomepwnerTests.xctest */;
			productType = "com.apple.product-type.bundle.unit-test";
		};
		55E6506D1C83968F00C581BA /* HomepwnerUITests */ = {
			isa = PBXNativeTarget;
			buildConfigurationList = 55E6507D1C83968F00C581BA /* Build configuration list for PBXNativeTarget "HomepwnerUITests" */;
			buildPhases = (
				55E6506A1C83968F00C581BA /* Sources */,
				55E6506B1C83968F00C581BA /* Frameworks */,
				55E6506C1C83968F00C581BA /* Resources */,
			);
			buildRules = (
			);
			dependencies = (
				55E650701C83968F00C581BA /* PBXTargetDependency */,
			);
			name = HomepwnerUITests;
			productName = HomepwnerUITests;
			productReference = 55E6506E1C83968F00C581BA /* HomepwnerUITests.xctest */;
			productType = "com.apple.product-type.bundle.ui-testing";
		};
/* End PBXNativeTarget section */

/* Begin PBXProject section */
		55E650471C83968F00C581BA /* Project object */ = {
			isa = PBXProject;
			attributes = {
				LastSwiftUpdateCheck = 0720;
				LastUpgradeCheck = 0720;
				ORGANIZATIONNAME = "Big Nerd Ranch";
				TargetAttributes = {
					55E6504E1C83968F00C581BA = {
						CreatedOnToolsVersion = 7.2.1;
						DevelopmentTeam = RPNPT65LG8;
					};
					55E650621C83968F00C581BA = {
						CreatedOnToolsVersion = 7.2.1;
						DevelopmentTeam = RPNPT65LG8;
						TestTargetID = 55E6504E1C83968F00C581BA;
					};
					55E6506D1C83968F00C581BA = {
						CreatedOnToolsVersion = 7.2.1;
						DevelopmentTeam = RPNPT65LG8;
						TestTargetID = 55E6504E1C83968F00C581BA;
					};
				};
			};
			buildConfigurationList = 55E6504A1C83968F00C581BA /* Build configuration list for PBXProject "Homepwner" */;
			compatibilityVersion = "Xcode 3.2";
			developmentRegion = English;
			hasScannedForEncodings = 0;
			knownRegions = (
				en,
				Base,
			);
			mainGroup = 55E650461C83968F00C581BA;
			productRefGroup = 55E650501C83968F00C581BA /* Products */;
			projectDirPath = "";
			projectRoot = "";
			targets = (
				55E6504E1C83968F00C581BA /* Homepwner */,
				55E650621C83968F00C581BA /* HomepwnerTests */,
				55E6506D1C83968F00C581BA /* HomepwnerUITests */,
			);
		};
/* End PBXProject section */

/* Begin PBXResourcesBuildPhase section */
		55E6504D1C83968F00C581BA /* Resources */ = {
			isa = PBXResourcesBuildPhase;
			buildActionMask = 2147483647;
			files = (
				55E6505D1C83968F00C581BA /* LaunchScreen.storyboard in Resources */,
				55E6505A1C83968F00C581BA /* Assets.xcassets in Resources */,
				55E650581C83968F00C581BA /* Main.storyboard in Resources */,
			);
			runOnlyForDeploymentPostprocessing = 0;
		};
		55E650611C83968F00C581BA /* Resources */ = {
			isa = PBXResourcesBuildPhase;
			buildActionMask = 2147483647;
			files = (
			);
			runOnlyForDeploymentPostprocessing = 0;
		};
		55E6506C1C83968F00C581BA /* Resources */ = {
			isa = PBXResourcesBuildPhase;
			buildActionMask = 2147483647;
			files = (
			);
			runOnlyForDeploymentPostprocessing = 0;
		};
/* End PBXResourcesBuildPhase section */

/* Begin PBXSourcesBuildPhase section */
		55E6504B1C83968F00C581BA /* Sources */ = {
			isa = PBXSourcesBuildPhase;
			buildActionMask = 2147483647;
			files = (
				55E650851C83A18700C581BA /* ItemStore.swift in Sources */,
				55E650811C839B5E00C581BA /* ItemsViewController.swift in Sources */,
				55E650831C839DE400C581BA /* Item.swift in Sources */,
				55E650531C83968F00C581BA /* AppDelegate.swift in Sources */,
			);
			runOnlyForDeploymentPostprocessing = 0;
		};
		55E6505F1C83968F00C581BA /* Sources */ = {
			isa = PBXSourcesBuildPhase;
			buildActionMask = 2147483647;
			files = (
				55E650681C83968F00C581BA /* HomepwnerTests.swift in Sources */,
			);
			runOnlyForDeploymentPostprocessing = 0;
		};
		55E6506A1C83968F00C581BA /* Sources */ = {
			isa = PBXSourcesBuildPhase;
			buildActionMask = 2147483647;
			files = (
				55E650731C83968F00C581BA /* HomepwnerUITests.swift in Sources */,
			);
			runOnlyForDeploymentPostprocessing = 0;
		};
/* End PBXSourcesBuildPhase section */

/* Begin PBXTargetDependency section */
		55E650651C83968F00C581BA /* PBXTargetDependency */ = {
			isa = PBXTargetDependency;
			target = 55E6504E1C83968F00C581BA /* Homepwner */;
			targetProxy = 55E650641C83968F00C581BA /* PBXContainerItemProxy */;
		};
		55E650701C83968F00C581BA /* PBXTargetDependency */ = {
			isa = PBXTargetDependency;
			target = 55E6504E1C83968F00C581BA /* Homepwner */;
			targetProxy = 55E6506F1C83968F00C581BA /* PBXContainerItemProxy */;
		};
/* End PBXTargetDependency section */

/* Begin PBXVariantGroup section */
		55E650561C83968F00C581BA /* Main.storyboard */ = {
			isa = PBXVariantGroup;
			children = (
				55E650571C83968F00C581BA /* Base */,
			);
			name = Main.storyboard;
			sourceTree = "<group>";
		};
		55E6505B1C83968F00C581BA /* LaunchScreen.storyboard */ = {
			isa = PBXVariantGroup;
			children = (
				55E6505C1C83968F00C581BA /* Base */,
			);
			name = LaunchScreen.storyboard;
			sourceTree = "<group>";
		};
/* End PBXVariantGroup section */

/* Begin XCBuildConfiguration section */
		55E650751C83968F00C581BA /* Debug */ = {
			isa = XCBuildConfiguration;
			buildSettings = {
				ALWAYS_SEARCH_USER_PATHS = NO;
				CLANG_CXX_LANGUAGE_STANDARD = "gnu++0x";
				CLANG_CXX_LIBRARY = "libc++";
				CLANG_ENABLE_MODULES = YES;
				CLANG_ENABLE_OBJC_ARC = YES;
				CLANG_WARN_BOOL_CONVERSION = YES;
				CLANG_WARN_CONSTANT_CONVERSION = YES;
				CLANG_WARN_DIRECT_OBJC_ISA_USAGE = YES_ERROR;
				CLANG_WARN_EMPTY_BODY = YES;
				CLANG_WARN_ENUM_CONVERSION = YES;
				CLANG_WARN_INT_CONVERSION = YES;
				CLANG_WARN_OBJC_ROOT_CLASS = YES_ERROR;
				CLANG_WARN_UNREACHABLE_CODE = YES;
				CLANG_WARN__DUPLICATE_METHOD_MATCH = YES;
				"CODE_SIGN_IDENTITY[sdk=iphoneos*]" = "iPhone Developer";
				COPY_PHASE_STRIP = NO;
				DEBUG_INFORMATION_FORMAT = dwarf;
				ENABLE_STRICT_OBJC_MSGSEND = YES;
				ENABLE_TESTABILITY = YES;
				GCC_C_LANGUAGE_STANDARD = gnu99;
				GCC_DYNAMIC_NO_PIC = NO;
				GCC_NO_COMMON_BLOCKS = YES;
				GCC_OPTIMIZATION_LEVEL = 0;
				GCC_PREPROCESSOR_DEFINITIONS = (
					"DEBUG=1",
					"$(inherited)",
				);
				GCC_WARN_64_TO_32_BIT_CONVERSION = YES;
				GCC_WARN_ABOUT_RETURN_TYPE = YES_ERROR;
				GCC_WARN_UNDECLARED_SELECTOR = YES;
				GCC_WARN_UNINITIALIZED_AUTOS = YES_AGGRESSIVE;
				GCC_WARN_UNUSED_FUNCTION = YES;
				GCC_WARN_UNUSED_VARIABLE = YES;
				IPHONEOS_DEPLOYMENT_TARGET = 9.2;
				MTL_ENABLE_DEBUG_INFO = YES;
				ONLY_ACTIVE_ARCH = YES;
				SDKROOT = iphoneos;
				SWIFT_OPTIMIZATION_LEVEL = "-Onone";
			};
			name = Debug;
		};
		55E650761C83968F00C581BA /* Release */ = {
			isa = XCBuildConfiguration;
			buildSettings = {
				ALWAYS_SEARCH_USER_PATHS = NO;
				CLANG_CXX_LANGUAGE_STANDARD = "gnu++0x";
				CLANG_CXX_LIBRARY = "libc++";
				CLANG_ENABLE_MODULES = YES;
				CLANG_ENABLE_OBJC_ARC = YES;
				CLANG_WARN_BOOL_CONVERSION = YES;
				CLANG_WARN_CONSTANT_CONVERSION = YES;
				CLANG_WARN_DIRECT_OBJC_ISA_USAGE = YES_ERROR;
				CLANG_WARN_EMPTY_BODY = YES;
				CLANG_WARN_ENUM_CONVERSION = YES;
				CLANG_WARN_INT_CONVERSION = YES;
				CLANG_WARN_OBJC_ROOT_CLASS = YES_ERROR;
				CLANG_WARN_UNREACHABLE_CODE = YES;
				CLANG_WARN__DUPLICATE_METHOD_MATCH = YES;
				"CODE_SIGN_IDENTITY[sdk=iphoneos*]" = "iPhone Developer";
				COPY_PHASE_STRIP = NO;
				DEBUG_INFORMATION_FORMAT = "dwarf-with-dsym";
				ENABLE_NS_ASSERTIONS = NO;
				ENABLE_STRICT_OBJC_MSGSEND = YES;
				GCC_C_LANGUAGE_STANDARD = gnu99;
				GCC_NO_COMMON_BLOCKS = YES;
				GCC_WARN_64_TO_32_BIT_CONVERSION = YES;
				GCC_WARN_ABOUT_RETURN_TYPE = YES_ERROR;
				GCC_WARN_UNDECLARED_SELECTOR = YES;
				GCC_WARN_UNINITIALIZED_AUTOS = YES_AGGRESSIVE;
				GCC_WARN_UNUSED_FUNCTION = YES;
				GCC_WARN_UNUSED_VARIABLE = YES;
				IPHONEOS_DEPLOYMENT_TARGET = 9.2;
				MTL_ENABLE_DEBUG_INFO = NO;
				SDKROOT = iphoneos;
				VALIDATE_PRODUCT = YES;
			};
			name = Release;
		};
		55E650781C83968F00C581BA /* Debug */ = {
			isa = XCBuildConfiguration;
			buildSettings = {
				ASSETCATALOG_COMPILER_APPICON_NAME = AppIcon;
				INFOPLIST_FILE = Homepwner/Info.plist;
				LD_RUNPATH_SEARCH_PATHS = "$(inherited) @executable_path/Frameworks";
				PRODUCT_BUNDLE_IDENTIFIER = com.bignerdranch.WooriSim.Homepwner;
				PRODUCT_NAME = "$(TARGET_NAME)";
			};
			name = Debug;
		};
		55E650791C83968F00C581BA /* Release */ = {
			isa = XCBuildConfiguration;
			buildSettings = {
				ASSETCATALOG_COMPILER_APPICON_NAME = AppIcon;
				INFOPLIST_FILE = Homepwner/Info.plist;
				LD_RUNPATH_SEARCH_PATHS = "$(inherited) @executable_path/Frameworks";
				PRODUCT_BUNDLE_IDENTIFIER = com.bignerdranch.WooriSim.Homepwner;
				PRODUCT_NAME = "$(TARGET_NAME)";
			};
			name = Release;
		};
		55E6507B1C83968F00C581BA /* Debug */ = {
			isa = XCBuildConfiguration;
			buildSettings = {
				BUNDLE_LOADER = "$(TEST_HOST)";
				INFOPLIST_FILE = HomepwnerTests/Info.plist;
				LD_RUNPATH_SEARCH_PATHS = "$(inherited) @executable_path/Frameworks @loader_path/Frameworks";
				PRODUCT_BUNDLE_IDENTIFIER = com.bignerdranch.HomepwnerTests;
				PRODUCT_NAME = "$(TARGET_NAME)";
				TEST_HOST = "$(BUILT_PRODUCTS_DIR)/Homepwner.app/Homepwner";
			};
			name = Debug;
		};
		55E6507C1C83968F00C581BA /* Release */ = {
			isa = XCBuildConfiguration;
			buildSettings = {
				BUNDLE_LOADER = "$(TEST_HOST)";
				INFOPLIST_FILE = HomepwnerTests/Info.plist;
				LD_RUNPATH_SEARCH_PATHS = "$(inherited) @executable_path/Frameworks @loader_path/Frameworks";
				PRODUCT_BUNDLE_IDENTIFIER = com.bignerdranch.HomepwnerTests;
				PRODUCT_NAME = "$(TARGET_NAME)";
				TEST_HOST = "$(BUILT_PRODUCTS_DIR)/Homepwner.app/Homepwner";
			};
			name = Release;
		};
		55E6507E1C83968F00C581BA /* Debug */ = {
			isa = XCBuildConfiguration;
			buildSettings = {
				INFOPLIST_FILE = HomepwnerUITests/Info.plist;
				LD_RUNPATH_SEARCH_PATHS = "$(inherited) @executable_path/Frameworks @loader_path/Frameworks";
				PRODUCT_BUNDLE_IDENTIFIER = com.bignerdranch.HomepwnerUITests;
				PRODUCT_NAME = "$(TARGET_NAME)";
				TEST_TARGET_NAME = Homepwner;
				USES_XCTRUNNER = YES;
			};
			name = Debug;
		};
		55E6507F1C83968F00C581BA /* Release */ = {
			isa = XCBuildConfiguration;
			buildSettings = {
				INFOPLIST_FILE = HomepwnerUITests/Info.plist;
				LD_RUNPATH_SEARCH_PATHS = "$(inherited) @executable_path/Frameworks @loader_path/Frameworks";
				PRODUCT_BUNDLE_IDENTIFIER = com.bignerdranch.HomepwnerUITests;
				PRODUCT_NAME = "$(TARGET_NAME)";
				TEST_TARGET_NAME = Homepwner;
				USES_XCTRUNNER = YES;
			};
			name = Release;
		};
/* End XCBuildConfiguration section */

/* Begin XCConfigurationList section */
		55E6504A1C83968F00C581BA /* Build configuration list for PBXProject "Homepwner" */ = {
			isa = XCConfigurationList;
			buildConfigurations = (
				55E650751C83968F00C581BA /* Debug */,
				55E650761C83968F00C581BA /* Release */,
			);
			defaultConfigurationIsVisible = 0;
			defaultConfigurationName = Release;
		};
		55E650771C83968F00C581BA /* Build configuration list for PBXNativeTarget "Homepwner" */ = {
			isa = XCConfigurationList;
			buildConfigurations = (
				55E650781C83968F00C581BA /* Debug */,
				55E650791C83968F00C581BA /* Release */,
			);
			defaultConfigurationIsVisible = 0;
			defaultConfigurationName = Release;
		};
		55E6507A1C83968F00C581BA /* Build configuration list for PBXNativeTarget "HomepwnerTests" */ = {
			isa = XCConfigurationList;
			buildConfigurations = (
				55E6507B1C83968F00C581BA /* Debug */,
				55E6507C1C83968F00C581BA /* Release */,
			);
			defaultConfigurationIsVisible = 0;
			defaultConfigurationName = Release;
		};
		55E6507D1C83968F00C581BA /* Build configuration list for PBXNativeTarget "HomepwnerUITests" */ = {
			isa = XCConfigurationList;
			buildConfigurations = (
				55E6507E1C83968F00C581BA /* Debug */,
				55E6507F1C83968F00C581BA /* Release */,
			);
			defaultConfigurationIsVisible = 0;
			defaultConfigurationName = Release;
		};
/* End XCConfigurationList section */
	};
	rootObject = 55E650471C83968F00C581BA /* Project object */;
}
